{
  "name": "anti-txt-watermark",
  "requires": true,
  "lockfileVersion": 1,
  "dependencies": {
    "iconv-lite": {
      "version": "0.5.1",
      "resolved": "https://registry.npm.taobao.org/iconv-lite/download/iconv-lite-0.5.1.tgz?cache=0&sync_timestamp=1579333981154&other_urls=https%3A%2F%2Fregistry.npm.taobao.org%2Ficonv-lite%2Fdownload%2Ficonv-lite-0.5.1.tgz",
      "integrity": "sha1-skJdPHsY9yGfLKZj0QO925FxjWQ=",
      "requires": {
        "safer-buffer": ">= 2.1.2 < 3"
      }
    },
    "pinyinlite": {
      "version": "1.2.1",
      "resolved": "https://registry.npm.taobao.org/pinyinlite/download/pinyinlite-1.2.1.tgz",
      "integrity": "sha1-SLMPaKTx2vGTdW2bbqZqyyM/pPs="
    },
    "safer-buffer": {
      "version": "2.1.2",
      "resolved": "http://registry.npm.taobao.org/safer-buffer/download/safer-buffer-2.1.2.tgz",
      "integrity": "sha1-RPoWGwGHuVSd2Eu5GAL5vYOFzWo="
    }
  }
}
